
Microsoft Visual Studio Solution File, Format Version 12.00
# Visual Studio 2013
VisualStudioVersion = 12.0.31101.0
MinimumVisualStudioVersion = 10.0.40219.1
Project("{2150E333-8FDC-42A3-9474-1A3956D46DE8}") = "Common", "Common", "{6FB6048B-C1B4-4B9E-812C-E70000998AB7}"
EndProject
Project("{FAE04EC0-301F-11D3-BF4B-00C04F79EFBC}") = "Practice.Code", "Base.Code\Practice.Code.csproj", "{E986D10F-AEAE-47A4-AA58-6C7EA709A5EC}"
EndProject
Project("{FAE04EC0-301F-11D3-BF4B-00C04F79EFBC}") = "Practice.Data", "Base.Data\Practice.Data.csproj", "{6924E26C-ECEB-43AE-87B7-6F686273050F}"
EndProject
Project("{2150E333-8FDC-42A3-9474-1A3956D46DE8}") = "Domain", "Domain", "{3B602849-CBCA-4D9B-A927-1D71C8DC345A}"
EndProject
Project("{FAE04EC0-301F-11D3-BF4B-00C04F79EFBC}") = "Practice.Application", "Practice.Application\Practice.Application.csproj", "{99F8A0C7-6E24-47C9-BC8C-B970DD3B9AB6}"
EndProject
Project("{FAE04EC0-301F-11D3-BF4B-00C04F79EFBC}") = "Practice.Domain", "Practice.Domain\Practice.Domain.csproj", "{C8B07652-11F1-466B-B7FC-68C15674A0C5}"
EndProject
Project("{FAE04EC0-301F-11D3-BF4B-00C04F79EFBC}") = "Practice.Mapping", "Practice.Mapping\Practice.Mapping.csproj", "{8AB1CBFF-9667-4450-B236-343198715F9B}"
EndProject
Project("{FAE04EC0-301F-11D3-BF4B-00C04F79EFBC}") = "Practice.Repository", "Practice.Repository\Practice.Repository.csproj", "{CF0E4E84-C625-4FD8-8928-7F8AFE25A042}"
EndProject
Project("{2150E333-8FDC-42A3-9474-1A3956D46DE8}") = "Web", "Web", "{5A4833ED-B5BB-479B-9E63-0E26F2D2A82E}"
EndProject
Project("{FAE04EC0-301F-11D3-BF4B-00C04F79EFBC}") = "Practice.Web", "Practice.Web\Practice.Web.csproj", "{260F6BBA-9C0E-44E9-8F4F-D03DC221BA34}"
EndProject
Global
	GlobalSection(SolutionConfigurationPlatforms) = preSolution
		Debug|Any CPU = Debug|Any CPU
		Release|Any CPU = Release|Any CPU
	EndGlobalSection
	GlobalSection(ProjectConfigurationPlatforms) = postSolution
		{E986D10F-AEAE-47A4-AA58-6C7EA709A5EC}.Debug|Any CPU.ActiveCfg = Debug|Any CPU
		{E986D10F-AEAE-47A4-AA58-6C7EA709A5EC}.Debug|Any CPU.Build.0 = Debug|Any CPU
		{E986D10F-AEAE-47A4-AA58-6C7EA709A5EC}.Release|Any CPU.ActiveCfg = Release|Any CPU
		{E986D10F-AEAE-47A4-AA58-6C7EA709A5EC}.Release|Any CPU.Build.0 = Release|Any CPU
		{6924E26C-ECEB-43AE-87B7-6F686273050F}.Debug|Any CPU.ActiveCfg = Debug|Any CPU
		{6924E26C-ECEB-43AE-87B7-6F686273050F}.Debug|Any CPU.Build.0 = Debug|Any CPU
		{6924E26C-ECEB-43AE-87B7-6F686273050F}.Release|Any CPU.ActiveCfg = Release|Any CPU
		{6924E26C-ECEB-43AE-87B7-6F686273050F}.Release|Any CPU.Build.0 = Release|Any CPU
		{99F8A0C7-6E24-47C9-BC8C-B970DD3B9AB6}.Debug|Any CPU.ActiveCfg = Debug|Any CPU
		{99F8A0C7-6E24-47C9-BC8C-B970DD3B9AB6}.Debug|Any CPU.Build.0 = Debug|Any CPU
		{99F8A0C7-6E24-47C9-BC8C-B970DD3B9AB6}.Release|Any CPU.ActiveCfg = Release|Any CPU
		{99F8A0C7-6E24-47C9-BC8C-B970DD3B9AB6}.Release|Any CPU.Build.0 = Release|Any CPU
		{C8B07652-11F1-466B-B7FC-68C15674A0C5}.Debug|Any CPU.ActiveCfg = Debug|Any CPU
		{C8B07652-11F1-466B-B7FC-68C15674A0C5}.Debug|Any CPU.Build.0 = Debug|Any CPU
		{C8B07652-11F1-466B-B7FC-68C15674A0C5}.Release|Any CPU.ActiveCfg = Release|Any CPU
		{C8B07652-11F1-466B-B7FC-68C15674A0C5}.Release|Any CPU.Build.0 = Release|Any CPU
		{8AB1CBFF-9667-4450-B236-343198715F9B}.Debug|Any CPU.ActiveCfg = Debug|Any CPU
		{8AB1CBFF-9667-4450-B236-343198715F9B}.Debug|Any CPU.Build.0 = Debug|Any CPU
		{8AB1CBFF-9667-4450-B236-343198715F9B}.Release|Any CPU.ActiveCfg = Release|Any CPU
		{8AB1CBFF-9667-4450-B236-343198715F9B}.Release|Any CPU.Build.0 = Release|Any CPU
		{CF0E4E84-C625-4FD8-8928-7F8AFE25A042}.Debug|Any CPU.ActiveCfg = Debug|Any CPU
		{CF0E4E84-C625-4FD8-8928-7F8AFE25A042}.Debug|Any CPU.Build.0 = Debug|Any CPU
		{CF0E4E84-C625-4FD8-8928-7F8AFE25A042}.Release|Any CPU.ActiveCfg = Release|Any CPU
		{CF0E4E84-C625-4FD8-8928-7F8AFE25A042}.Release|Any CPU.Build.0 = Release|Any CPU
		{260F6BBA-9C0E-44E9-8F4F-D03DC221BA34}.Debug|Any CPU.ActiveCfg = Debug|Any CPU
		{260F6BBA-9C0E-44E9-8F4F-D03DC221BA34}.Debug|Any CPU.Build.0 = Debug|Any CPU
		{260F6BBA-9C0E-44E9-8F4F-D03DC221BA34}.Release|Any CPU.ActiveCfg = Release|Any CPU
		{260F6BBA-9C0E-44E9-8F4F-D03DC221BA34}.Release|Any CPU.Build.0 = Release|Any CPU
	EndGlobalSection
	GlobalSection(SolutionProperties) = preSolution
		HideSolutionNode = FALSE
	EndGlobalSection
	GlobalSection(NestedProjects) = preSolution
		{E986D10F-AEAE-47A4-AA58-6C7EA709A5EC} = {6FB6048B-C1B4-4B9E-812C-E70000998AB7}
		{6924E26C-ECEB-43AE-87B7-6F686273050F} = {6FB6048B-C1B4-4B9E-812C-E70000998AB7}
		{99F8A0C7-6E24-47C9-BC8C-B970DD3B9AB6} = {3B602849-CBCA-4D9B-A927-1D71C8DC345A}
		{C8B07652-11F1-466B-B7FC-68C15674A0C5} = {3B602849-CBCA-4D9B-A927-1D71C8DC345A}
		{8AB1CBFF-9667-4450-B236-343198715F9B} = {3B602849-CBCA-4D9B-A927-1D71C8DC345A}
		{CF0E4E84-C625-4FD8-8928-7F8AFE25A042} = {3B602849-CBCA-4D9B-A927-1D71C8DC345A}
		{260F6BBA-9C0E-44E9-8F4F-D03DC221BA34} = {5A4833ED-B5BB-479B-9E63-0E26F2D2A82E}
	EndGlobalSection
EndGlobal
